# @generated - this file is auto-generated by `mise lock` https://mise.en.dev/dev-tools/mise-lock.html

[[tools.actionlint]]
version = "1.7.12"
backend = "aqua:rhysd/actionlint"

[tools.actionlint."platforms.linux-arm64"]
checksum = "sha256:325e971b6ba9bfa504672e29be93c24981eeb1c07576d730e9f7c8805afff0c6"
url = "https://github.com/rhysd/actionlint/releases/download/v1.7.12/actionlint_1.7.12_linux_arm64.tar.gz"
provenance = "github-attestations"

[tools.actionlint."platforms.linux-arm64-musl"]
checksum = "sha256:325e971b6ba9bfa504672e29be93c24981eeb1c07576d730e9f7c8805afff0c6"
url = "https://github.com/rhysd/actionlint/releases/download/v1.7.12/actionlint_1.7.12_linux_arm64.tar.gz"
provenance = "github-attestations"

[tools.actionlint."platforms.linux-x64"]
checksum = "sha256:8aca8db96f1b94770f1b0d72b6dddcb1ebb8123cb3712530b08cc387b349a3d8"
url = "https://github.com/rhysd/actionlint/releases/download/v1.7.12/actionlint_1.7.12_linux_amd64.tar.gz"
provenance = "github-attestations"

[tools.actionlint."platforms.linux-x64-musl"]
checksum = "sha256:8aca8db96f1b94770f1b0d72b6dddcb1ebb8123cb3712530b08cc387b349a3d8"
url = "https://github.com/rhysd/actionlint/releases/download/v1.7.12/actionlint_1.7.12_linux_amd64.tar.gz"
provenance = "github-attestations"

[tools.actionlint."platforms.macos-arm64"]
checksum = "sha256:aba9ced2dee8d27fecca3dc7feb1a7f9a52caefa1eb46f3271ea66b6e0e6953f"
url = "https://github.com/rhysd/actionlint/releases/download/v1.7.12/actionlint_1.7.12_darwin_arm64.tar.gz"
provenance = "github-attestations"

[tools.actionlint."platforms.macos-x64"]
checksum = "sha256:5b44c3bc2255115c9b69e30efc0fecdf498fdb63c5d58e17084fd5f16324c644"
url = "https://github.com/rhysd/actionlint/releases/download/v1.7.12/actionlint_1.7.12_darwin_amd64.tar.gz"
provenance = "github-attestations"

[tools.actionlint."platforms.windows-x64"]
checksum = "sha256:6e7241b51e6817ea6a047693d8e6fed13b31819c9a0dd6c5a726e1592d22f6e9"
url = "https://github.com/rhysd/actionlint/releases/download/v1.7.12/actionlint_1.7.12_windows_amd64.zip"
provenance = "github-attestations"

[[tools.dart]]
version = "3.11.5"
backend = "http:dart"

[tools.dart."platforms.linux-arm64"]
checksum = "sha256:50e9aba58f8717943854778a73074e63a80c42054355d35e2732a0cc0824a2fb"
url = "https://storage.googleapis.com/dart-archive/channels/stable/release/3.11.5/sdk/dartsdk-linux-arm64-release.zip"

[tools.dart."platforms.linux-arm64-musl"]
checksum = "sha256:50e9aba58f8717943854778a73074e63a80c42054355d35e2732a0cc0824a2fb"
url = "https://storage.googleapis.com/dart-archive/channels/stable/release/3.11.5/sdk/dartsdk-linux-arm64-release.zip"

[tools.dart."platforms.linux-x64"]
checksum = "sha256:57f3ab5ac24883060b1ff12bcdac472ed76563ec7364e88f8a6d41e4f0db075f"
url = "https://storage.googleapis.com/dart-archive/channels/stable/release/3.11.5/sdk/dartsdk-linux-x64-release.zip"

[tools.dart."platforms.linux-x64-musl"]
checksum = "sha256:57f3ab5ac24883060b1ff12bcdac472ed76563ec7364e88f8a6d41e4f0db075f"
url = "https://storage.googleapis.com/dart-archive/channels/stable/release/3.11.5/sdk/dartsdk-linux-x64-release.zip"

[tools.dart."platforms.macos-arm64"]
checksum = "sha256:3fd03deb3b0c7897a9896c3f5f3dda4a9fe63c43b14364ee928ec6db348be0ac"
url = "https://storage.googleapis.com/dart-archive/channels/stable/release/3.11.5/sdk/dartsdk-macos-arm64-release.zip"

[tools.dart."platforms.macos-x64"]
checksum = "sha256:94de6a18049c354026f5422446b311cfc96b51db6d316eeb7ca46ff14c0b8aaa"
url = "https://storage.googleapis.com/dart-archive/channels/stable/release/3.11.5/sdk/dartsdk-macos-x64-release.zip"

[tools.dart."platforms.windows-x64"]
checksum = "sha256:044b9c58f45c7e8b67467395eaad469f67cd8797a73fbd1d2bb8a89a53b2dcba"
url = "https://storage.googleapis.com/dart-archive/channels/stable/release/3.11.5/sdk/dartsdk-windows-x64-release.zip"

[[tools."github:sass/dart-sass"]]
version = "1.101.0"
backend = "github:sass/dart-sass"

[tools."github:sass/dart-sass"."platforms.linux-arm64"]
checksum = "sha256:fe3abb3697d5c835cb5fda9fb899dd1321dc031d75255bacd21917cb897ad944"
url = "https://github.com/sass/dart-sass/releases/download/1.101.0/dart-sass-1.101.0-linux-arm64.tar.gz"
url_api = "https://api.github.com/repos/sass/dart-sass/releases/assets/445063391"
provenance = "github-attestations"

[tools."github:sass/dart-sass"."platforms.linux-arm64-musl"]
checksum = "sha256:77715d06e673e832b321f6ba55dadc601893e23786c9736f6c2a696ddfe3e011"
url = "https://github.com/sass/dart-sass/releases/download/1.101.0/dart-sass-1.101.0-linux-arm64-musl.tar.gz"
url_api = "https://api.github.com/repos/sass/dart-sass/releases/assets/445063390"
provenance = "github-attestations"

[tools."github:sass/dart-sass"."platforms.linux-x64"]
checksum = "sha256:13c47fe50f707df6d5c2ea8e612ab3ce3b81e351c31f0ebb43072ca7781ad3da"
url = "https://github.com/sass/dart-sass/releases/download/1.101.0/dart-sass-1.101.0-linux-x64.tar.gz"
url_api = "https://api.github.com/repos/sass/dart-sass/releases/assets/445063403"
provenance = "github-attestations"

[tools."github:sass/dart-sass"."platforms.linux-x64-musl"]
checksum = "sha256:7e8ccbef6d78d531a7191841f7f54f55db1ce1b6981e366caf5d4eb7aa07f8bc"
url = "https://github.com/sass/dart-sass/releases/download/1.101.0/dart-sass-1.101.0-linux-x64-musl.tar.gz"
url_api = "https://api.github.com/repos/sass/dart-sass/releases/assets/445063398"
provenance = "github-attestations"

[tools."github:sass/dart-sass"."platforms.macos-arm64"]
checksum = "sha256:6ca9013f22749719b12f1849ad5f57452599358027c6556f134f84c702cce9c1"
url = "https://github.com/sass/dart-sass/releases/download/1.101.0/dart-sass-1.101.0-macos-arm64.tar.gz"
url_api = "https://api.github.com/repos/sass/dart-sass/releases/assets/445063409"
provenance = "github-attestations"

[tools."github:sass/dart-sass"."platforms.macos-x64"]
checksum = "sha256:5c7720a57ff716f0be5c43a19d4ea5a5542a501ac338d1788186d116888dd2d7"
url = "https://github.com/sass/dart-sass/releases/download/1.101.0/dart-sass-1.101.0-macos-x64.tar.gz"
url_api = "https://api.github.com/repos/sass/dart-sass/releases/assets/445063411"
provenance = "github-attestations"

[tools."github:sass/dart-sass"."platforms.windows-x64"]
checksum = "sha256:1824648a88b883f8bdcb21edfec534bfc07ec7bf3f206c6cf26c2330b1400fb6"
url = "https://github.com/sass/dart-sass/releases/download/1.101.0/dart-sass-1.101.0-windows-x64.zip"
url_api = "https://api.github.com/repos/sass/dart-sass/releases/assets/445063413"
provenance = "github-attestations"

[[tools.go]]
version = "1.26.4"
backend = "core:go"

[tools.go."platforms.linux-arm64"]
checksum = "sha256:ef758ae7c6cf9267c9c0ef080b8965f453d89ab2d25d9eb22de4405925238768"
url = "https://dl.google.com/go/go1.26.4.linux-arm64.tar.gz"

[tools.go."platforms.linux-arm64-musl"]
checksum = "sha256:ef758ae7c6cf9267c9c0ef080b8965f453d89ab2d25d9eb22de4405925238768"
url = "https://dl.google.com/go/go1.26.4.linux-arm64.tar.gz"

[tools.go."platforms.linux-x64"]
checksum = "sha256:1153d3d50e0ac764b447adfe05c2bcf08e889d42a02e0fe0259bd47f6733ad7f"
url = "https://dl.google.com/go/go1.26.4.linux-amd64.tar.gz"

[tools.go."platforms.linux-x64-musl"]
checksum = "sha256:1153d3d50e0ac764b447adfe05c2bcf08e889d42a02e0fe0259bd47f6733ad7f"
url = "https://dl.google.com/go/go1.26.4.linux-amd64.tar.gz"

[tools.go."platforms.macos-arm64"]
checksum = "sha256:b62ad2b6d7d2464f12a5bcad7ff47f19d08325773b5efd21610e445a05a9bf53"
url = "https://dl.google.com/go/go1.26.4.darwin-arm64.tar.gz"

[tools.go."platforms.macos-x64"]
checksum = "sha256:05dc9b5f9997744520aaebb3d5deaa7c755371aebbfb7f97c2511a9f3367538d"
url = "https://dl.google.com/go/go1.26.4.darwin-amd64.tar.gz"

[tools.go."platforms.windows-x64"]
checksum = "sha256:3ca8fb4630b07c419cbdd51f754e31363cfcfb83b3a5354d9e895c90be2cc345"
url = "https://dl.google.com/go/go1.26.4.windows-amd64.zip"

[[tools.hugo-extended]]
version = "0.163.3"
backend = "aqua:gohugoio/hugo/hugo-extended"

[tools.hugo-extended."platforms.linux-arm64"]
checksum = "sha256:aa1c95375016b0cfd040f25689da980246ca77a2205f5df9de7e362c93b3d4d4"
url = "https://github.com/gohugoio/hugo/releases/download/v0.163.3/hugo_extended_0.163.3_linux-arm64.tar.gz"

[tools.hugo-extended."platforms.linux-arm64-musl"]
checksum = "sha256:aa1c95375016b0cfd040f25689da980246ca77a2205f5df9de7e362c93b3d4d4"
url = "https://github.com/gohugoio/hugo/releases/download/v0.163.3/hugo_extended_0.163.3_linux-arm64.tar.gz"

[tools.hugo-extended."platforms.linux-x64"]
checksum = "sha256:1234302ece1167cef2c252aaa69c89b4f0afc5851f1a30536d693e8e7fc4d1bf"
url = "https://github.com/gohugoio/hugo/releases/download/v0.163.3/hugo_extended_0.163.3_linux-amd64.tar.gz"

[tools.hugo-extended."platforms.linux-x64-musl"]
checksum = "sha256:1234302ece1167cef2c252aaa69c89b4f0afc5851f1a30536d693e8e7fc4d1bf"
url = "https://github.com/gohugoio/hugo/releases/download/v0.163.3/hugo_extended_0.163.3_linux-amd64.tar.gz"

[tools.hugo-extended."platforms.macos-arm64"]
checksum = "sha256:1a50eba794dcfd5429c1f002cf44653cc4de90507d85e33d83b9fbbab55e9aa2"
url = "https://github.com/gohugoio/hugo/releases/download/v0.163.3/hugo_extended_0.163.3_darwin-universal.pkg"

[tools.hugo-extended."platforms.macos-x64"]
checksum = "sha256:1a50eba794dcfd5429c1f002cf44653cc4de90507d85e33d83b9fbbab55e9aa2"
url = "https://github.com/gohugoio/hugo/releases/download/v0.163.3/hugo_extended_0.163.3_darwin-universal.pkg"

[tools.hugo-extended."platforms.windows-x64"]
checksum = "sha256:10ce84261773a52aa2dabb4f51b9fe86309592248dbeeef093c6b36b1dacf252"
url = "https://github.com/gohugoio/hugo/releases/download/v0.163.3/hugo_extended_0.163.3_windows-amd64.zip"

[[tools.markdownlint-cli2]]
version = "0.23.0"
backend = "npm:markdownlint-cli2"

[[tools.yamllint]]
version = "1.38.0"
backend = "pipx:yamllint"
