# @generated - this file is auto-generated by `mise lock` https://mise.en.dev/dev-tools/mise-lock.html

[[tools.actionlint]]
version = "1.7.12"
backend = "aqua:rhysd/actionlint"

[tools.actionlint."platforms.linux-arm64"]
checksum = "sha256:325e971b6ba9bfa504672e29be93c24981eeb1c07576d730e9f7c8805afff0c6"
url = "https://github.com/rhysd/actionlint/releases/download/v1.7.12/actionlint_1.7.12_linux_arm64.tar.gz"
url_api = "https://api.github.com/repos/rhysd/actionlint/releases/assets/384924897"
provenance = "github-attestations"

[tools.actionlint."platforms.linux-arm64-musl"]
checksum = "sha256:325e971b6ba9bfa504672e29be93c24981eeb1c07576d730e9f7c8805afff0c6"
url = "https://github.com/rhysd/actionlint/releases/download/v1.7.12/actionlint_1.7.12_linux_arm64.tar.gz"
url_api = "https://api.github.com/repos/rhysd/actionlint/releases/assets/384924897"
provenance = "github-attestations"

[tools.actionlint."platforms.linux-x64"]
checksum = "sha256:8aca8db96f1b94770f1b0d72b6dddcb1ebb8123cb3712530b08cc387b349a3d8"
url = "https://github.com/rhysd/actionlint/releases/download/v1.7.12/actionlint_1.7.12_linux_amd64.tar.gz"
url_api = "https://api.github.com/repos/rhysd/actionlint/releases/assets/384924896"
provenance = "github-attestations"

[tools.actionlint."platforms.linux-x64-musl"]
checksum = "sha256:8aca8db96f1b94770f1b0d72b6dddcb1ebb8123cb3712530b08cc387b349a3d8"
url = "https://github.com/rhysd/actionlint/releases/download/v1.7.12/actionlint_1.7.12_linux_amd64.tar.gz"
url_api = "https://api.github.com/repos/rhysd/actionlint/releases/assets/384924896"
provenance = "github-attestations"

[tools.actionlint."platforms.macos-arm64"]
checksum = "sha256:aba9ced2dee8d27fecca3dc7feb1a7f9a52caefa1eb46f3271ea66b6e0e6953f"
url = "https://github.com/rhysd/actionlint/releases/download/v1.7.12/actionlint_1.7.12_darwin_arm64.tar.gz"
url_api = "https://api.github.com/repos/rhysd/actionlint/releases/assets/384924893"
provenance = "github-attestations"

[tools.actionlint."platforms.macos-x64"]
checksum = "sha256:5b44c3bc2255115c9b69e30efc0fecdf498fdb63c5d58e17084fd5f16324c644"
url = "https://github.com/rhysd/actionlint/releases/download/v1.7.12/actionlint_1.7.12_darwin_amd64.tar.gz"
url_api = "https://api.github.com/repos/rhysd/actionlint/releases/assets/384924880"
provenance = "github-attestations"

[tools.actionlint."platforms.windows-x64"]
checksum = "sha256:6e7241b51e6817ea6a047693d8e6fed13b31819c9a0dd6c5a726e1592d22f6e9"
url = "https://github.com/rhysd/actionlint/releases/download/v1.7.12/actionlint_1.7.12_windows_amd64.zip"
url_api = "https://api.github.com/repos/rhysd/actionlint/releases/assets/384924919"
provenance = "github-attestations"

[[tools.dart]]
version = "3.11.5"
backend = "http:dart"

[tools.dart."platforms.linux-arm64"]
checksum = "sha256:50e9aba58f8717943854778a73074e63a80c42054355d35e2732a0cc0824a2fb"
url = "https://storage.googleapis.com/dart-archive/channels/stable/release/3.11.5/sdk/dartsdk-linux-arm64-release.zip"

[tools.dart."platforms.linux-arm64-musl"]
checksum = "sha256:50e9aba58f8717943854778a73074e63a80c42054355d35e2732a0cc0824a2fb"
url = "https://storage.googleapis.com/dart-archive/channels/stable/release/3.11.5/sdk/dartsdk-linux-arm64-release.zip"

[tools.dart."platforms.linux-x64"]
checksum = "sha256:57f3ab5ac24883060b1ff12bcdac472ed76563ec7364e88f8a6d41e4f0db075f"
url = "https://storage.googleapis.com/dart-archive/channels/stable/release/3.11.5/sdk/dartsdk-linux-x64-release.zip"

[tools.dart."platforms.linux-x64-musl"]
checksum = "sha256:57f3ab5ac24883060b1ff12bcdac472ed76563ec7364e88f8a6d41e4f0db075f"
url = "https://storage.googleapis.com/dart-archive/channels/stable/release/3.11.5/sdk/dartsdk-linux-x64-release.zip"

[tools.dart."platforms.macos-arm64"]
checksum = "sha256:3fd03deb3b0c7897a9896c3f5f3dda4a9fe63c43b14364ee928ec6db348be0ac"
url = "https://storage.googleapis.com/dart-archive/channels/stable/release/3.11.5/sdk/dartsdk-macos-arm64-release.zip"

[tools.dart."platforms.macos-x64"]
checksum = "sha256:94de6a18049c354026f5422446b311cfc96b51db6d316eeb7ca46ff14c0b8aaa"
url = "https://storage.googleapis.com/dart-archive/channels/stable/release/3.11.5/sdk/dartsdk-macos-x64-release.zip"

[tools.dart."platforms.windows-x64"]
checksum = "sha256:044b9c58f45c7e8b67467395eaad469f67cd8797a73fbd1d2bb8a89a53b2dcba"
url = "https://storage.googleapis.com/dart-archive/channels/stable/release/3.11.5/sdk/dartsdk-windows-x64-release.zip"

[[tools."github:sass/dart-sass"]]
version = "1.104.1"
backend = "github:sass/dart-sass"

[tools."github:sass/dart-sass"."platforms.linux-arm64"]
checksum = "sha256:0bc2be53e11bd16462b577d5fe2f4c776287ed371d5aba2f7211cfd385a5c8ed"
url = "https://github.com/sass/dart-sass/releases/download/1.104.1/dart-sass-1.104.1-linux-arm64.tar.gz"
url_api = "https://api.github.com/repos/sass/dart-sass/releases/assets/558859217"
provenance = "github-attestations"

[tools."github:sass/dart-sass"."platforms.linux-arm64-musl"]
checksum = "sha256:37d643a1ac39004cf4d90f6dcfed888b00fed15d81eeda5e99a6f8402f3c9a56"
url = "https://github.com/sass/dart-sass/releases/download/1.104.1/dart-sass-1.104.1-linux-arm64-musl.tar.gz"
url_api = "https://api.github.com/repos/sass/dart-sass/releases/assets/558859214"
provenance = "github-attestations"

[tools."github:sass/dart-sass"."platforms.linux-x64"]
checksum = "sha256:85f31863aa62a1ba93158105609b94206fe9e17a37ad2855a69c543f83d1abae"
url = "https://github.com/sass/dart-sass/releases/download/1.104.1/dart-sass-1.104.1-linux-x64.tar.gz"
url_api = "https://api.github.com/repos/sass/dart-sass/releases/assets/558859230"
provenance = "github-attestations"
provenance_verified = true

[tools."github:sass/dart-sass"."platforms.linux-x64-musl"]
checksum = "sha256:dfb89c5cad91b3412154bb27c27dd4eaf9f2884d5288c61a4d4ef3bf80444cb1"
url = "https://github.com/sass/dart-sass/releases/download/1.104.1/dart-sass-1.104.1-linux-x64-musl.tar.gz"
url_api = "https://api.github.com/repos/sass/dart-sass/releases/assets/558859229"
provenance = "github-attestations"

[tools."github:sass/dart-sass"."platforms.macos-arm64"]
checksum = "sha256:1ef58a518ab901c1c4f08890537e111f690c375d984927dafd1decb1c5e6b680"
url = "https://github.com/sass/dart-sass/releases/download/1.104.1/dart-sass-1.104.1-macos-arm64.tar.gz"
url_api = "https://api.github.com/repos/sass/dart-sass/releases/assets/558859232"
provenance = "github-attestations"

[tools."github:sass/dart-sass"."platforms.macos-x64"]
checksum = "sha256:a1c614f4e35641d7a62658beaa1b500962cbf9ac6c568718db4f55505d5490e9"
url = "https://github.com/sass/dart-sass/releases/download/1.104.1/dart-sass-1.104.1-macos-x64.tar.gz"
url_api = "https://api.github.com/repos/sass/dart-sass/releases/assets/558859234"
provenance = "github-attestations"

[tools."github:sass/dart-sass"."platforms.windows-x64"]
checksum = "sha256:b1d51698b28a952ef8c9ad7f6c32f5c0f9a05c7989da37562297c092b770a034"
url = "https://github.com/sass/dart-sass/releases/download/1.104.1/dart-sass-1.104.1-windows-x64.zip"
url_api = "https://api.github.com/repos/sass/dart-sass/releases/assets/558859245"
provenance = "github-attestations"

[[tools.go]]
version = "1.27.1"
backend = "core:go"

[tools.go."platforms.linux-arm64"]
checksum = "sha256:3450b45a3f9ee8568792736a5c5e70a1f2e9b36c35a8f74958c03e51d7d92bec"
url = "https://dl.google.com/go/go1.27.1.linux-arm64.tar.gz"

[tools.go."platforms.linux-arm64-musl"]
checksum = "sha256:3450b45a3f9ee8568792736a5c5e70a1f2e9b36c35a8f74958c03e51d7d92bec"
url = "https://dl.google.com/go/go1.27.1.linux-arm64.tar.gz"

[tools.go."platforms.linux-x64"]
checksum = "sha256:63d339f0da5ab53635a56f2490a7984dfe12dfcff22ad749f63edaf590168445"
url = "https://dl.google.com/go/go1.27.1.linux-amd64.tar.gz"

[tools.go."platforms.linux-x64-musl"]
checksum = "sha256:63d339f0da5ab53635a56f2490a7984dfe12dfcff22ad749f63edaf590168445"
url = "https://dl.google.com/go/go1.27.1.linux-amd64.tar.gz"

[tools.go."platforms.macos-arm64"]
checksum = "sha256:ee215d57e0ec269c60cc9ceca68e6bda321ba9ee5afe24f4b0988703c2d87d12"
url = "https://dl.google.com/go/go1.27.1.darwin-arm64.tar.gz"

[tools.go."platforms.macos-x64"]
checksum = "sha256:8f8f52c6649542cf027bbc9b9c68d1ec042f9f34808a40413f0b8b3f66f3caa4"
url = "https://dl.google.com/go/go1.27.1.darwin-amd64.tar.gz"

[tools.go."platforms.windows-x64"]
checksum = "sha256:a3911b5e0e1b1053f25ed0675f4c1c6aad1e2bfcf253df2b9be4caabd2edd95d"
url = "https://dl.google.com/go/go1.27.1.windows-amd64.zip"

[[tools.hugo-extended]]
version = "0.166.0"
backend = "aqua:gohugoio/hugo/hugo-extended"

[tools.hugo-extended."platforms.linux-arm64"]
checksum = "sha256:4b282afd8181e5ed182f50f293fc24dd6c42bfa569e555d53bfbc5ee6a1b2982"
url = "https://github.com/gohugoio/hugo/releases/download/v0.166.0/hugo_extended_0.166.0_linux-arm64.tar.gz"
url_api = "https://api.github.com/repos/gohugoio/hugo/releases/assets/552998760"

[tools.hugo-extended."platforms.linux-arm64-musl"]
checksum = "sha256:4b282afd8181e5ed182f50f293fc24dd6c42bfa569e555d53bfbc5ee6a1b2982"
url = "https://github.com/gohugoio/hugo/releases/download/v0.166.0/hugo_extended_0.166.0_linux-arm64.tar.gz"
url_api = "https://api.github.com/repos/gohugoio/hugo/releases/assets/552998760"

[tools.hugo-extended."platforms.linux-x64"]
checksum = "sha256:0e39b901e3f919f1daae05c8ff64f0c14c8a348ef46886d63f8e6d1bb2653885"
url = "https://github.com/gohugoio/hugo/releases/download/v0.166.0/hugo_extended_0.166.0_linux-amd64.tar.gz"
url_api = "https://api.github.com/repos/gohugoio/hugo/releases/assets/552998688"

[tools.hugo-extended."platforms.linux-x64-musl"]
checksum = "sha256:0e39b901e3f919f1daae05c8ff64f0c14c8a348ef46886d63f8e6d1bb2653885"
url = "https://github.com/gohugoio/hugo/releases/download/v0.166.0/hugo_extended_0.166.0_linux-amd64.tar.gz"
url_api = "https://api.github.com/repos/gohugoio/hugo/releases/assets/552998688"

[tools.hugo-extended."platforms.macos-arm64"]
checksum = "sha256:5ac468a54ccd99bd3bfcdacadec25f6fcd6c0606dccfa86bb761d400d3f0a680"
url = "https://github.com/gohugoio/hugo/releases/download/v0.166.0/hugo_extended_0.166.0_darwin-universal.pkg"
url_api = "https://api.github.com/repos/gohugoio/hugo/releases/assets/552998784"

[tools.hugo-extended."platforms.macos-x64"]
checksum = "sha256:5ac468a54ccd99bd3bfcdacadec25f6fcd6c0606dccfa86bb761d400d3f0a680"
url = "https://github.com/gohugoio/hugo/releases/download/v0.166.0/hugo_extended_0.166.0_darwin-universal.pkg"
url_api = "https://api.github.com/repos/gohugoio/hugo/releases/assets/552998784"

[tools.hugo-extended."platforms.windows-x64"]
checksum = "sha256:51e4512ff343e7a2b9d879028a92177d090031c71e7a6a2a3d7cba8536202e80"
url = "https://github.com/gohugoio/hugo/releases/download/v0.166.0/hugo_extended_0.166.0_windows-amd64.zip"
url_api = "https://api.github.com/repos/gohugoio/hugo/releases/assets/552998831"

[[tools.markdownlint-cli2]]
version = "0.23.2"
backend = "npm:markdownlint-cli2"

[[tools.yamllint]]
version = "1.38.0"
backend = "pipx:yamllint"
