# @generated - this file is auto-generated by `mise lock` https://mise.en.dev/dev-tools/mise-lock.html

[[tools.actionlint]]
version = "1.7.12"
backend = "aqua:rhysd/actionlint"

[tools.actionlint."platforms.linux-arm64"]
checksum = "sha256:325e971b6ba9bfa504672e29be93c24981eeb1c07576d730e9f7c8805afff0c6"
url = "https://github.com/rhysd/actionlint/releases/download/v1.7.12/actionlint_1.7.12_linux_arm64.tar.gz"
url_api = "https://api.github.com/repos/rhysd/actionlint/releases/assets/384924897"
provenance = "github-attestations"

[tools.actionlint."platforms.linux-arm64-musl"]
checksum = "sha256:325e971b6ba9bfa504672e29be93c24981eeb1c07576d730e9f7c8805afff0c6"
url = "https://github.com/rhysd/actionlint/releases/download/v1.7.12/actionlint_1.7.12_linux_arm64.tar.gz"
url_api = "https://api.github.com/repos/rhysd/actionlint/releases/assets/384924897"
provenance = "github-attestations"

[tools.actionlint."platforms.linux-x64"]
checksum = "sha256:8aca8db96f1b94770f1b0d72b6dddcb1ebb8123cb3712530b08cc387b349a3d8"
url = "https://github.com/rhysd/actionlint/releases/download/v1.7.12/actionlint_1.7.12_linux_amd64.tar.gz"
url_api = "https://api.github.com/repos/rhysd/actionlint/releases/assets/384924896"
provenance = "github-attestations"

[tools.actionlint."platforms.linux-x64-musl"]
checksum = "sha256:8aca8db96f1b94770f1b0d72b6dddcb1ebb8123cb3712530b08cc387b349a3d8"
url = "https://github.com/rhysd/actionlint/releases/download/v1.7.12/actionlint_1.7.12_linux_amd64.tar.gz"
url_api = "https://api.github.com/repos/rhysd/actionlint/releases/assets/384924896"
provenance = "github-attestations"

[tools.actionlint."platforms.macos-arm64"]
checksum = "sha256:aba9ced2dee8d27fecca3dc7feb1a7f9a52caefa1eb46f3271ea66b6e0e6953f"
url = "https://github.com/rhysd/actionlint/releases/download/v1.7.12/actionlint_1.7.12_darwin_arm64.tar.gz"
url_api = "https://api.github.com/repos/rhysd/actionlint/releases/assets/384924893"
provenance = "github-attestations"

[tools.actionlint."platforms.macos-x64"]
checksum = "sha256:5b44c3bc2255115c9b69e30efc0fecdf498fdb63c5d58e17084fd5f16324c644"
url = "https://github.com/rhysd/actionlint/releases/download/v1.7.12/actionlint_1.7.12_darwin_amd64.tar.gz"
url_api = "https://api.github.com/repos/rhysd/actionlint/releases/assets/384924880"
provenance = "github-attestations"

[tools.actionlint."platforms.windows-x64"]
checksum = "sha256:6e7241b51e6817ea6a047693d8e6fed13b31819c9a0dd6c5a726e1592d22f6e9"
url = "https://github.com/rhysd/actionlint/releases/download/v1.7.12/actionlint_1.7.12_windows_amd64.zip"
url_api = "https://api.github.com/repos/rhysd/actionlint/releases/assets/384924919"
provenance = "github-attestations"

[[tools.dart]]
version = "3.11.5"
backend = "http:dart"

[tools.dart."platforms.linux-arm64"]
checksum = "sha256:50e9aba58f8717943854778a73074e63a80c42054355d35e2732a0cc0824a2fb"
url = "https://storage.googleapis.com/dart-archive/channels/stable/release/3.11.5/sdk/dartsdk-linux-arm64-release.zip"

[tools.dart."platforms.linux-arm64-musl"]
checksum = "sha256:50e9aba58f8717943854778a73074e63a80c42054355d35e2732a0cc0824a2fb"
url = "https://storage.googleapis.com/dart-archive/channels/stable/release/3.11.5/sdk/dartsdk-linux-arm64-release.zip"

[tools.dart."platforms.linux-x64"]
checksum = "sha256:57f3ab5ac24883060b1ff12bcdac472ed76563ec7364e88f8a6d41e4f0db075f"
url = "https://storage.googleapis.com/dart-archive/channels/stable/release/3.11.5/sdk/dartsdk-linux-x64-release.zip"

[tools.dart."platforms.linux-x64-musl"]
checksum = "sha256:57f3ab5ac24883060b1ff12bcdac472ed76563ec7364e88f8a6d41e4f0db075f"
url = "https://storage.googleapis.com/dart-archive/channels/stable/release/3.11.5/sdk/dartsdk-linux-x64-release.zip"

[tools.dart."platforms.macos-arm64"]
checksum = "sha256:3fd03deb3b0c7897a9896c3f5f3dda4a9fe63c43b14364ee928ec6db348be0ac"
url = "https://storage.googleapis.com/dart-archive/channels/stable/release/3.11.5/sdk/dartsdk-macos-arm64-release.zip"

[tools.dart."platforms.macos-x64"]
checksum = "sha256:94de6a18049c354026f5422446b311cfc96b51db6d316eeb7ca46ff14c0b8aaa"
url = "https://storage.googleapis.com/dart-archive/channels/stable/release/3.11.5/sdk/dartsdk-macos-x64-release.zip"

[tools.dart."platforms.windows-x64"]
checksum = "sha256:044b9c58f45c7e8b67467395eaad469f67cd8797a73fbd1d2bb8a89a53b2dcba"
url = "https://storage.googleapis.com/dart-archive/channels/stable/release/3.11.5/sdk/dartsdk-windows-x64-release.zip"

[[tools."github:sass/dart-sass"]]
version = "1.103.1"
backend = "github:sass/dart-sass"

[tools."github:sass/dart-sass"."platforms.linux-arm64"]
checksum = "sha256:2877de5942c8e99ed1e30fffefdcbef0fc47e64420831c06230abb54b17275e6"
url = "https://github.com/sass/dart-sass/releases/download/1.103.1/dart-sass-1.103.1-linux-arm64.tar.gz"
url_api = "https://api.github.com/repos/sass/dart-sass/releases/assets/522883827"
provenance = "github-attestations"

[tools."github:sass/dart-sass"."platforms.linux-arm64-musl"]
checksum = "sha256:08354700b647570ae42226b33693f8e0c4499f5f3baec12ffc9f53e7dab5d157"
url = "https://github.com/sass/dart-sass/releases/download/1.103.1/dart-sass-1.103.1-linux-arm64-musl.tar.gz"
url_api = "https://api.github.com/repos/sass/dart-sass/releases/assets/522883825"
provenance = "github-attestations"

[tools."github:sass/dart-sass"."platforms.linux-x64"]
checksum = "sha256:b33a7747fc41cb4f96dff09eaf02ada4dd47153f2e54cda915ff9310d9f8914a"
url = "https://github.com/sass/dart-sass/releases/download/1.103.1/dart-sass-1.103.1-linux-x64.tar.gz"
url_api = "https://api.github.com/repos/sass/dart-sass/releases/assets/522883836"
provenance = "github-attestations"
provenance_verified = true

[tools."github:sass/dart-sass"."platforms.linux-x64-musl"]
checksum = "sha256:7f3898ec11f8392f72bbf59e85e5183e0e20071a0b853816bee18e682568477c"
url = "https://github.com/sass/dart-sass/releases/download/1.103.1/dart-sass-1.103.1-linux-x64-musl.tar.gz"
url_api = "https://api.github.com/repos/sass/dart-sass/releases/assets/522883835"
provenance = "github-attestations"

[tools."github:sass/dart-sass"."platforms.macos-arm64"]
checksum = "sha256:7f48b426ed9ea77c2866c031e1b055cc4ecda7940b3500b630970ce37daef391"
url = "https://github.com/sass/dart-sass/releases/download/1.103.1/dart-sass-1.103.1-macos-arm64.tar.gz"
url_api = "https://api.github.com/repos/sass/dart-sass/releases/assets/522883837"
provenance = "github-attestations"

[tools."github:sass/dart-sass"."platforms.macos-x64"]
checksum = "sha256:dbd5257cf503a56e8d0d693a6c47e07149769a45346538d07b4db0f702994f17"
url = "https://github.com/sass/dart-sass/releases/download/1.103.1/dart-sass-1.103.1-macos-x64.tar.gz"
url_api = "https://api.github.com/repos/sass/dart-sass/releases/assets/522883838"
provenance = "github-attestations"

[tools."github:sass/dart-sass"."platforms.windows-x64"]
checksum = "sha256:c11bd2792015bf0fb514640ccfff8b3a469eed4506ccc29cec545f88ac7a2a55"
url = "https://github.com/sass/dart-sass/releases/download/1.103.1/dart-sass-1.103.1-windows-x64.zip"
url_api = "https://api.github.com/repos/sass/dart-sass/releases/assets/522883844"
provenance = "github-attestations"

[[tools.go]]
version = "1.26.4"
backend = "core:go"

[tools.go."platforms.linux-arm64"]
checksum = "sha256:ef758ae7c6cf9267c9c0ef080b8965f453d89ab2d25d9eb22de4405925238768"
url = "https://dl.google.com/go/go1.26.4.linux-arm64.tar.gz"

[tools.go."platforms.linux-arm64-musl"]
checksum = "sha256:ef758ae7c6cf9267c9c0ef080b8965f453d89ab2d25d9eb22de4405925238768"
url = "https://dl.google.com/go/go1.26.4.linux-arm64.tar.gz"

[tools.go."platforms.linux-x64"]
checksum = "sha256:1153d3d50e0ac764b447adfe05c2bcf08e889d42a02e0fe0259bd47f6733ad7f"
url = "https://dl.google.com/go/go1.26.4.linux-amd64.tar.gz"

[tools.go."platforms.linux-x64-musl"]
checksum = "sha256:1153d3d50e0ac764b447adfe05c2bcf08e889d42a02e0fe0259bd47f6733ad7f"
url = "https://dl.google.com/go/go1.26.4.linux-amd64.tar.gz"

[tools.go."platforms.macos-arm64"]
checksum = "sha256:b62ad2b6d7d2464f12a5bcad7ff47f19d08325773b5efd21610e445a05a9bf53"
url = "https://dl.google.com/go/go1.26.4.darwin-arm64.tar.gz"

[tools.go."platforms.macos-x64"]
checksum = "sha256:05dc9b5f9997744520aaebb3d5deaa7c755371aebbfb7f97c2511a9f3367538d"
url = "https://dl.google.com/go/go1.26.4.darwin-amd64.tar.gz"

[tools.go."platforms.windows-x64"]
checksum = "sha256:3ca8fb4630b07c419cbdd51f754e31363cfcfb83b3a5354d9e895c90be2cc345"
url = "https://dl.google.com/go/go1.26.4.windows-amd64.zip"

[[tools.hugo-extended]]
version = "0.165.0"
backend = "aqua:gohugoio/hugo/hugo-extended"

[tools.hugo-extended."platforms.linux-arm64"]
checksum = "sha256:f40ebc44dfda3896cecd3ae7ed44f5c44c4b4a30a2b7d976ece6da62da699a58"
url = "https://github.com/gohugoio/hugo/releases/download/v0.165.0/hugo_extended_0.165.0_linux-arm64.tar.gz"
url_api = "https://api.github.com/repos/gohugoio/hugo/releases/assets/511697465"

[tools.hugo-extended."platforms.linux-arm64-musl"]
checksum = "sha256:f40ebc44dfda3896cecd3ae7ed44f5c44c4b4a30a2b7d976ece6da62da699a58"
url = "https://github.com/gohugoio/hugo/releases/download/v0.165.0/hugo_extended_0.165.0_linux-arm64.tar.gz"
url_api = "https://api.github.com/repos/gohugoio/hugo/releases/assets/511697465"

[tools.hugo-extended."platforms.linux-x64"]
checksum = "sha256:f43494894cdf4a8630a201d5c828051c77f523cc66bb3938b30806835470ac20"
url = "https://github.com/gohugoio/hugo/releases/download/v0.165.0/hugo_extended_0.165.0_linux-amd64.tar.gz"
url_api = "https://api.github.com/repos/gohugoio/hugo/releases/assets/511697439"

[tools.hugo-extended."platforms.linux-x64-musl"]
checksum = "sha256:f43494894cdf4a8630a201d5c828051c77f523cc66bb3938b30806835470ac20"
url = "https://github.com/gohugoio/hugo/releases/download/v0.165.0/hugo_extended_0.165.0_linux-amd64.tar.gz"
url_api = "https://api.github.com/repos/gohugoio/hugo/releases/assets/511697439"

[tools.hugo-extended."platforms.macos-arm64"]
checksum = "sha256:538be8435ded71e561cdc0bc42b9c9822c855b768e7028bc3f7f624b6e2c5185"
url = "https://github.com/gohugoio/hugo/releases/download/v0.165.0/hugo_extended_0.165.0_darwin-universal.pkg"
url_api = "https://api.github.com/repos/gohugoio/hugo/releases/assets/511697489"

[tools.hugo-extended."platforms.macos-x64"]
checksum = "sha256:538be8435ded71e561cdc0bc42b9c9822c855b768e7028bc3f7f624b6e2c5185"
url = "https://github.com/gohugoio/hugo/releases/download/v0.165.0/hugo_extended_0.165.0_darwin-universal.pkg"
url_api = "https://api.github.com/repos/gohugoio/hugo/releases/assets/511697489"

[tools.hugo-extended."platforms.windows-x64"]
checksum = "sha256:c0259eb25d11b7d1ee7cd2f86da84f17323a36a90dee0ac0f7a93b635ec837f9"
url = "https://github.com/gohugoio/hugo/releases/download/v0.165.0/hugo_extended_0.165.0_windows-amd64.zip"
url_api = "https://api.github.com/repos/gohugoio/hugo/releases/assets/511697521"

[[tools.markdownlint-cli2]]
version = "0.23.2"
backend = "npm:markdownlint-cli2"

[[tools.yamllint]]
version = "1.38.0"
backend = "pipx:yamllint"
